// !$*UTF8*$!
{
	archiveVersion = 1;
	classes = {
	};
	objectVersion = 50;
	objects = {

/* Begin PBXBuildFile section */
		BB0EAF6920DA45FD003040BC /* ScheduleTableViewController.m in Sources */ = {isa = PBXBuildFile; fileRef = BB0EAF6820DA45FD003040BC /* ScheduleTableViewController.m */; };
		BB0EAF6D20DA461F003040BC /* ScheduleTableViewCell.m in Sources */ = {isa = PBXBuildFile; fileRef = BB0EAF6C20DA461F003040BC /* ScheduleTableViewCell.m */; };
		BB1A7EBA20DA7DF600843458 /* HistoryTableViewController.m in Sources */ = {isa = PBXBuildFile; fileRef = BB1A7EB920DA7DF600843458 /* HistoryTableViewController.m */; };
		BB26A9A320EC28640045FBAB /* StoreKit.framework in Frameworks */ = {isa = PBXBuildFile; fileRef = BB26A9A220EC28640045FBAB /* StoreKit.framework */; };
		BB26A9A920EC2F090045FBAB /* StoreKitManager.m in Sources */ = {isa = PBXBuildFile; fileRef = BB26A9A820EC2F090045FBAB /* StoreKitManager.m */; };
		BB26A9AE20EEFD770045FBAB /* GoogleMobileAds.framework in Frameworks */ = {isa = PBXBuildFile; fileRef = BB26A9AD20EEFD770045FBAB /* GoogleMobileAds.framework */; };
		BB4B981C20E6166E0090C82D /* KFKeychain.m in Sources */ = {isa = PBXBuildFile; fileRef = BB4B981A20E6166E0090C82D /* KFKeychain.m */; };
		BB4B981F20E616870090C82D /* NetworkManager.m in Sources */ = {isa = PBXBuildFile; fileRef = BB4B981E20E616870090C82D /* NetworkManager.m */; };
		BB4B982220E618070090C82D /* NotificationTableViewCell.m in Sources */ = {isa = PBXBuildFile; fileRef = BB4B982120E618070090C82D /* NotificationTableViewCell.m */; };
		BB9AD1D220F8F1D9008F1914 /* MetaTableViewCell.m in Sources */ = {isa = PBXBuildFile; fileRef = BB9AD1D120F8F1D9008F1914 /* MetaTableViewCell.m */; };
		BBECDDEA20D6F78B00458146 /* AppDelegate.m in Sources */ = {isa = PBXBuildFile; fileRef = BBECDDE920D6F78B00458146 /* AppDelegate.m */; };
		BBECDDF020D6F78B00458146 /* Main.storyboard in Resources */ = {isa = PBXBuildFile; fileRef = BBECDDEE20D6F78B00458146 /* Main.storyboard */; };
		BBECDDF320D6F78B00458146 /* PaceKeeper.xcdatamodeld in Sources */ = {isa = PBXBuildFile; fileRef = BBECDDF120D6F78B00458146 /* PaceKeeper.xcdatamodeld */; };
		BBECDDF520D6F78E00458146 /* Assets.xcassets in Resources */ = {isa = PBXBuildFile; fileRef = BBECDDF420D6F78E00458146 /* Assets.xcassets */; };
		BBECDDF820D6F78E00458146 /* LaunchScreen.storyboard in Resources */ = {isa = PBXBuildFile; fileRef = BBECDDF620D6F78E00458146 /* LaunchScreen.storyboard */; };
		BBECDDFB20D6F78E00458146 /* main.m in Sources */ = {isa = PBXBuildFile; fileRef = BBECDDFA20D6F78E00458146 /* main.m */; };
		BBECDE0520D6F78E00458146 /* PaceKeeperTests.m in Sources */ = {isa = PBXBuildFile; fileRef = BBECDE0420D6F78E00458146 /* PaceKeeperTests.m */; };
		BBECDE1020D6F78E00458146 /* PaceKeeperUITests.m in Sources */ = {isa = PBXBuildFile; fileRef = BBECDE0F20D6F78E00458146 /* PaceKeeperUITests.m */; };
		BBECDE2720D7984800458146 /* RoundedButton.m in Sources */ = {isa = PBXBuildFile; fileRef = BBECDE2020D7984800458146 /* RoundedButton.m */; };
		BBECDE2820D7984800458146 /* RoundedView.m in Sources */ = {isa = PBXBuildFile; fileRef = BBECDE2220D7984800458146 /* RoundedView.m */; };
		BBECDE2920D7984800458146 /* RoundedTextField.m in Sources */ = {isa = PBXBuildFile; fileRef = BBECDE2520D7984800458146 /* RoundedTextField.m */; };
		BBECDE2C20D7F42900458146 /* TodayTableViewController.m in Sources */ = {isa = PBXBuildFile; fileRef = BBECDE2B20D7F42900458146 /* TodayTableViewController.m */; };
		BBECDE2F20D7F45100458146 /* TodayTableViewCell.m in Sources */ = {isa = PBXBuildFile; fileRef = BBECDE2E20D7F45100458146 /* TodayTableViewCell.m */; };
		BBECDE3620D7F61300458146 /* CDManager.m in Sources */ = {isa = PBXBuildFile; fileRef = BBECDE3420D7F61300458146 /* CDManager.m */; };
		BBECDE3920D7F76900458146 /* ExerciseObject.m in Sources */ = {isa = PBXBuildFile; fileRef = BBECDE3820D7F76900458146 /* ExerciseObject.m */; };
		BBECDE3C20D8398000458146 /* AddExercise.xib in Resources */ = {isa = PBXBuildFile; fileRef = BBECDE3B20D8398000458146 /* AddExercise.xib */; };
		BBECDE3F20D8E1E400458146 /* AddExerciseView.m in Sources */ = {isa = PBXBuildFile; fileRef = BBECDE3E20D8E1E400458146 /* AddExerciseView.m */; };
		BBF60E6B20FD51050097A98A /* OtherTodayTableViewCell.m in Sources */ = {isa = PBXBuildFile; fileRef = BBF60E6A20FD51050097A98A /* OtherTodayTableViewCell.m */; };
/* End PBXBuildFile section */

/* Begin PBXContainerItemProxy section */
		BBECDE0120D6F78E00458146 /* PBXContainerItemProxy */ = {
			isa = PBXContainerItemProxy;
			containerPortal = BBECDDDD20D6F78B00458146 /* Project object */;
			proxyType = 1;
			remoteGlobalIDString = BBECDDE420D6F78B00458146;
			remoteInfo = PaceKeeper;
		};
		BBECDE0C20D6F78E00458146 /* PBXContainerItemProxy */ = {
			isa = PBXContainerItemProxy;
			containerPortal = BBECDDDD20D6F78B00458146 /* Project object */;
			proxyType = 1;
			remoteGlobalIDString = BBECDDE420D6F78B00458146;
			remoteInfo = PaceKeeper;
		};
/* End PBXContainerItemProxy section */

/* Begin PBXFileReference section */
		BB0EAF6720DA45FD003040BC /* ScheduleTableViewController.h */ = {isa = PBXFileReference; lastKnownFileType = sourcecode.c.h; path = ScheduleTableViewController.h; sourceTree = "<group>"; };
		BB0EAF6820DA45FD003040BC /* ScheduleTableViewController.m */ = {isa = PBXFileReference; lastKnownFileType = sourcecode.c.objc; path = ScheduleTableViewController.m; sourceTree = "<group>"; };
		BB0EAF6B20DA461F003040BC /* ScheduleTableViewCell.h */ = {isa = PBXFileReference; lastKnownFileType = sourcecode.c.h; path = ScheduleTableViewCell.h; sourceTree = "<group>"; };
		BB0EAF6C20DA461F003040BC /* ScheduleTableViewCell.m */ = {isa = PBXFileReference; lastKnownFileType = sourcecode.c.objc; path = ScheduleTableViewCell.m; sourceTree = "<group>"; };
		BB1A7EB820DA7DF600843458 /* HistoryTableViewController.h */ = {isa = PBXFileReference; lastKnownFileType = sourcecode.c.h; path = HistoryTableViewController.h; sourceTree = "<group>"; };
		BB1A7EB920DA7DF600843458 /* HistoryTableViewController.m */ = {isa = PBXFileReference; lastKnownFileType = sourcecode.c.objc; path = HistoryTableViewController.m; sourceTree = "<group>"; };
		BB26A9A020EC0C7A0045FBAB /* PaceKeeper v2.xcdatamodel */ = {isa = PBXFileReference; lastKnownFileType = wrapper.xcdatamodel; path = "PaceKeeper v2.xcdatamodel"; sourceTree = "<group>"; };
		BB26A9A220EC28640045FBAB /* StoreKit.framework */ = {isa = PBXFileReference; lastKnownFileType = wrapper.framework; name = StoreKit.framework; path = System/Library/Frameworks/StoreKit.framework; sourceTree = SDKROOT; };
		BB26A9A720EC2F090045FBAB /* StoreKitManager.h */ = {isa = PBXFileReference; lastKnownFileType = sourcecode.c.h; path = StoreKitManager.h; sourceTree = "<group>"; };
		BB26A9A820EC2F090045FBAB /* StoreKitManager.m */ = {isa = PBXFileReference; lastKnownFileType = sourcecode.c.objc; path = StoreKitManager.m; sourceTree = "<group>"; };
		BB26A9AA20EC2F880045FBAB /* SecretDefines.pch */ = {isa = PBXFileReference; lastKnownFileType = sourcecode.c.h; path = SecretDefines.pch; sourceTree = "<group>"; };
		BB26A9AB20EEFD2F0045FBAB /* GoogleMobileAds.framework */ = {isa = PBXFileReference; lastKnownFileType = wrapper.framework; name = GoogleMobileAds.framework; path = "../../../Downloads/GoogleMobileAdsSdkiOS-7.31.0/GoogleMobileAds.framework"; sourceTree = "<group>"; };
		BB26A9AD20EEFD770045FBAB /* GoogleMobileAds.framework */ = {isa = PBXFileReference; lastKnownFileType = wrapper.framework; path = GoogleMobileAds.framework; sourceTree = "<group>"; };
		BB4B981A20E6166E0090C82D /* KFKeychain.m */ = {isa = PBXFileReference; fileEncoding = 4; lastKnownFileType = sourcecode.c.objc; path = KFKeychain.m; sourceTree = "<group>"; };
		BB4B981B20E6166E0090C82D /* KFKeychain.h */ = {isa = PBXFileReference; fileEncoding = 4; lastKnownFileType = sourcecode.c.h; path = KFKeychain.h; sourceTree = "<group>"; };
		BB4B981D20E616870090C82D /* NetworkManager.h */ = {isa = PBXFileReference; lastKnownFileType = sourcecode.c.h; path = NetworkManager.h; sourceTree = "<group>"; };
		BB4B981E20E616870090C82D /* NetworkManager.m */ = {isa = PBXFileReference; lastKnownFileType = sourcecode.c.objc; path = NetworkManager.m; sourceTree = "<group>"; };
		BB4B982020E618070090C82D /* NotificationTableViewCell.h */ = {isa = PBXFileReference; lastKnownFileType = sourcecode.c.h; path = NotificationTableViewCell.h; sourceTree = "<group>"; };
		BB4B982120E618070090C82D /* NotificationTableViewCell.m */ = {isa = PBXFileReference; lastKnownFileType = sourcecode.c.objc; path = NotificationTableViewCell.m; sourceTree = "<group>"; };
		BB790D7920D8F88900890E60 /* Defines.pch */ = {isa = PBXFileReference; lastKnownFileType = sourcecode.c.h; path = Defines.pch; sourceTree = "<group>"; };
		BB9AD1D020F8F1D9008F1914 /* MetaTableViewCell.h */ = {isa = PBXFileReference; lastKnownFileType = sourcecode.c.h; path = MetaTableViewCell.h; sourceTree = "<group>"; };
		BB9AD1D120F8F1D9008F1914 /* MetaTableViewCell.m */ = {isa = PBXFileReference; lastKnownFileType = sourcecode.c.objc; path = MetaTableViewCell.m; sourceTree = "<group>"; };
		BBC167B520E40342006482B8 /* PaceKeeper.entitlements */ = {isa = PBXFileReference; lastKnownFileType = text.plist.entitlements; path = PaceKeeper.entitlements; sourceTree = "<group>"; };
		BBECDDE520D6F78B00458146 /* PaceKeeper.app */ = {isa = PBXFileReference; explicitFileType = wrapper.application; includeInIndex = 0; path = PaceKeeper.app; sourceTree = BUILT_PRODUCTS_DIR; };
		BBECDDE820D6F78B00458146 /* AppDelegate.h */ = {isa = PBXFileReference; lastKnownFileType = sourcecode.c.h; path = AppDelegate.h; sourceTree = "<group>"; };
		BBECDDE920D6F78B00458146 /* AppDelegate.m */ = {isa = PBXFileReference; lastKnownFileType = sourcecode.c.objc; path = AppDelegate.m; sourceTree = "<group>"; };
		BBECDDEF20D6F78B00458146 /* Base */ = {isa = PBXFileReference; lastKnownFileType = file.storyboard; name = Base; path = Base.lproj/Main.storyboard; sourceTree = "<group>"; };
		BBECDDF220D6F78B00458146 /* PaceKeeper.xcdatamodel */ = {isa = PBXFileReference; lastKnownFileType = wrapper.xcdatamodel; path = PaceKeeper.xcdatamodel; sourceTree = "<group>"; };
		BBECDDF420D6F78E00458146 /* Assets.xcassets */ = {isa = PBXFileReference; lastKnownFileType = folder.assetcatalog; path = Assets.xcassets; sourceTree = "<group>"; };
		BBECDDF720D6F78E00458146 /* Base */ = {isa = PBXFileReference; lastKnownFileType = file.storyboard; name = Base; path = Base.lproj/LaunchScreen.storyboard; sourceTree = "<group>"; };
		BBECDDF920D6F78E00458146 /* Info.plist */ = {isa = PBXFileReference; lastKnownFileType = text.plist.xml; path = Info.plist; sourceTree = "<group>"; };
		BBECDDFA20D6F78E00458146 /* main.m */ = {isa = PBXFileReference; lastKnownFileType = sourcecode.c.objc; path = main.m; sourceTree = "<group>"; };
		BBECDE0020D6F78E00458146 /* PaceKeeperTests.xctest */ = {isa = PBXFileReference; explicitFileType = wrapper.cfbundle; includeInIndex = 0; path = PaceKeeperTests.xctest; sourceTree = BUILT_PRODUCTS_DIR; };
		BBECDE0420D6F78E00458146 /* PaceKeeperTests.m */ = {isa = PBXFileReference; lastKnownFileType = sourcecode.c.objc; path = PaceKeeperTests.m; sourceTree = "<group>"; };
		BBECDE0620D6F78E00458146 /* Info.plist */ = {isa = PBXFileReference; lastKnownFileType = text.plist.xml; path = Info.plist; sourceTree = "<group>"; };
		BBECDE0B20D6F78E00458146 /* PaceKeeperUITests.xctest */ = {isa = PBXFileReference; explicitFileType = wrapper.cfbundle; includeInIndex = 0; path = PaceKeeperUITests.xctest; sourceTree = BUILT_PRODUCTS_DIR; };
		BBECDE0F20D6F78E00458146 /* PaceKeeperUITests.m */ = {isa = PBXFileReference; lastKnownFileType = sourcecode.c.objc; path = PaceKeeperUITests.m; sourceTree = "<group>"; };
		BBECDE1120D6F78E00458146 /* Info.plist */ = {isa = PBXFileReference; lastKnownFileType = text.plist.xml; path = Info.plist; sourceTree = "<group>"; };
		BBECDE1F20D7984800458146 /* RoundedView.h */ = {isa = PBXFileReference; fileEncoding = 4; lastKnownFileType = sourcecode.c.h; path = RoundedView.h; sourceTree = "<group>"; };
		BBECDE2020D7984800458146 /* RoundedButton.m */ = {isa = PBXFileReference; fileEncoding = 4; lastKnownFileType = sourcecode.c.objc; path = RoundedButton.m; sourceTree = "<group>"; };
		BBECDE2120D7984800458146 /* RoundedTextField.h */ = {isa = PBXFileReference; fileEncoding = 4; lastKnownFileType = sourcecode.c.h; path = RoundedTextField.h; sourceTree = "<group>"; };
		BBECDE2220D7984800458146 /* RoundedView.m */ = {isa = PBXFileReference; fileEncoding = 4; lastKnownFileType = sourcecode.c.objc; path = RoundedView.m; sourceTree = "<group>"; };
		BBECDE2420D7984800458146 /* RoundedButton.h */ = {isa = PBXFileReference; fileEncoding = 4; lastKnownFileType = sourcecode.c.h; path = RoundedButton.h; sourceTree = "<group>"; };
		BBECDE2520D7984800458146 /* RoundedTextField.m */ = {isa = PBXFileReference; fileEncoding = 4; lastKnownFileType = sourcecode.c.objc; path = RoundedTextField.m; sourceTree = "<group>"; };
		BBECDE2A20D7F42900458146 /* TodayTableViewController.h */ = {isa = PBXFileReference; lastKnownFileType = sourcecode.c.h; path = TodayTableViewController.h; sourceTree = "<group>"; };
		BBECDE2B20D7F42900458146 /* TodayTableViewController.m */ = {isa = PBXFileReference; lastKnownFileType = sourcecode.c.objc; path = TodayTableViewController.m; sourceTree = "<group>"; };
		BBECDE2D20D7F45100458146 /* TodayTableViewCell.h */ = {isa = PBXFileReference; lastKnownFileType = sourcecode.c.h; path = TodayTableViewCell.h; sourceTree = "<group>"; };
		BBECDE2E20D7F45100458146 /* TodayTableViewCell.m */ = {isa = PBXFileReference; lastKnownFileType = sourcecode.c.objc; path = TodayTableViewCell.m; sourceTree = "<group>"; };
		BBECDE3220D7F61300458146 /* CDManager.h */ = {isa = PBXFileReference; fileEncoding = 4; lastKnownFileType = sourcecode.c.h; path = CDManager.h; sourceTree = "<group>"; };
		BBECDE3420D7F61300458146 /* CDManager.m */ = {isa = PBXFileReference; fileEncoding = 4; lastKnownFileType = sourcecode.c.objc; path = CDManager.m; sourceTree = "<group>"; };
		BBECDE3720D7F76900458146 /* ExerciseObject.h */ = {isa = PBXFileReference; lastKnownFileType = sourcecode.c.h; path = ExerciseObject.h; sourceTree = "<group>"; };
		BBECDE3820D7F76900458146 /* ExerciseObject.m */ = {isa = PBXFileReference; lastKnownFileType = sourcecode.c.objc; path = ExerciseObject.m; sourceTree = "<group>"; };
		BBECDE3B20D8398000458146 /* AddExercise.xib */ = {isa = PBXFileReference; lastKnownFileType = file.xib; path = AddExercise.xib; sourceTree = "<group>"; };
		BBECDE3D20D8E1E400458146 /* AddExerciseView.h */ = {isa = PBXFileReference; lastKnownFileType = sourcecode.c.h; path = AddExerciseView.h; sourceTree = "<group>"; };
		BBECDE3E20D8E1E400458146 /* AddExerciseView.m */ = {isa = PBXFileReference; lastKnownFileType = sourcecode.c.objc; path = AddExerciseView.m; sourceTree = "<group>"; };
		BBF60E6920FD51050097A98A /* OtherTodayTableViewCell.h */ = {isa = PBXFileReference; lastKnownFileType = sourcecode.c.h; path = OtherTodayTableViewCell.h; sourceTree = "<group>"; };
		BBF60E6A20FD51050097A98A /* OtherTodayTableViewCell.m */ = {isa = PBXFileReference; lastKnownFileType = sourcecode.c.objc; path = OtherTodayTableViewCell.m; sourceTree = "<group>"; };
		BBF60E7220FD60F50097A98A /* PaceKeeper v3.xcdatamodel */ = {isa = PBXFileReference; lastKnownFileType = wrapper.xcdatamodel; path = "PaceKeeper v3.xcdatamodel"; sourceTree = "<group>"; };
/* End PBXFileReference section */

/* Begin PBXFrameworksBuildPhase section */
		BBECDDE220D6F78B00458146 /* Frameworks */ = {
			isa = PBXFrameworksBuildPhase;
			buildActionMask = 2147483647;
			files = (
				BB26A9AE20EEFD770045FBAB /* GoogleMobileAds.framework in Frameworks */,
				BB26A9A320EC28640045FBAB /* StoreKit.framework in Frameworks */,
			);
			runOnlyForDeploymentPostprocessing = 0;
		};
		BBECDDFD20D6F78E00458146 /* Frameworks */ = {
			isa = PBXFrameworksBuildPhase;
			buildActionMask = 2147483647;
			files = (
			);
			runOnlyForDeploymentPostprocessing = 0;
		};
		BBECDE0820D6F78E00458146 /* Frameworks */ = {
			isa = PBXFrameworksBuildPhase;
			buildActionMask = 2147483647;
			files = (
			);
			runOnlyForDeploymentPostprocessing = 0;
		};
/* End PBXFrameworksBuildPhase section */

/* Begin PBXGroup section */
		BB0EAF6A20DA460F003040BC /* Cells */ = {
			isa = PBXGroup;
			children = (
				BBECDE2D20D7F45100458146 /* TodayTableViewCell.h */,
				BBECDE2E20D7F45100458146 /* TodayTableViewCell.m */,
				BB0EAF6B20DA461F003040BC /* ScheduleTableViewCell.h */,
				BB0EAF6C20DA461F003040BC /* ScheduleTableViewCell.m */,
				BB4B982020E618070090C82D /* NotificationTableViewCell.h */,
				BB4B982120E618070090C82D /* NotificationTableViewCell.m */,
				BB9AD1D020F8F1D9008F1914 /* MetaTableViewCell.h */,
				BB9AD1D120F8F1D9008F1914 /* MetaTableViewCell.m */,
				BBF60E6920FD51050097A98A /* OtherTodayTableViewCell.h */,
				BBF60E6A20FD51050097A98A /* OtherTodayTableViewCell.m */,
			);
			path = Cells;
			sourceTree = "<group>";
		};
		BB26A9A120EC28640045FBAB /* Frameworks */ = {
			isa = PBXGroup;
			children = (
				BB26A9AB20EEFD2F0045FBAB /* GoogleMobileAds.framework */,
				BB26A9AD20EEFD770045FBAB /* GoogleMobileAds.framework */,
				BB26A9A220EC28640045FBAB /* StoreKit.framework */,
			);
			name = Frameworks;
			sourceTree = "<group>";
		};
		BB4B981920E6166E0090C82D /* KFKeychain */ = {
			isa = PBXGroup;
			children = (
				BB4B981A20E6166E0090C82D /* KFKeychain.m */,
				BB4B981B20E6166E0090C82D /* KFKeychain.h */,
			);
			path = KFKeychain;
			sourceTree = "<group>";
		};
		BBECDDDC20D6F78B00458146 = {
			isa = PBXGroup;
			children = (
				BBECDDE720D6F78B00458146 /* PaceKeeper */,
				BBECDE0320D6F78E00458146 /* PaceKeeperTests */,
				BBECDE0E20D6F78E00458146 /* PaceKeeperUITests */,
				BBECDDE620D6F78B00458146 /* Products */,
				BB26A9A120EC28640045FBAB /* Frameworks */,
			);
			sourceTree = "<group>";
		};
		BBECDDE620D6F78B00458146 /* Products */ = {
			isa = PBXGroup;
			children = (
				BBECDDE520D6F78B00458146 /* PaceKeeper.app */,
				BBECDE0020D6F78E00458146 /* PaceKeeperTests.xctest */,
				BBECDE0B20D6F78E00458146 /* PaceKeeperUITests.xctest */,
			);
			name = Products;
			sourceTree = "<group>";
		};
		BBECDDE720D6F78B00458146 /* PaceKeeper */ = {
			isa = PBXGroup;
			children = (
				BB4B981920E6166E0090C82D /* KFKeychain */,
				BBC167B520E40342006482B8 /* PaceKeeper.entitlements */,
				BBECDDE820D6F78B00458146 /* AppDelegate.h */,
				BBECDDE920D6F78B00458146 /* AppDelegate.m */,
				BBECDE2A20D7F42900458146 /* TodayTableViewController.h */,
				BBECDE2B20D7F42900458146 /* TodayTableViewController.m */,
				BB0EAF6720DA45FD003040BC /* ScheduleTableViewController.h */,
				BB0EAF6820DA45FD003040BC /* ScheduleTableViewController.m */,
				BB1A7EB820DA7DF600843458 /* HistoryTableViewController.h */,
				BB1A7EB920DA7DF600843458 /* HistoryTableViewController.m */,
				BB0EAF6A20DA460F003040BC /* Cells */,
				BBECDE3A20D7F76F00458146 /* Custom Objects */,
				BBECDE3020D7F61300458146 /* Managers */,
				BBECDE1D20D7984800458146 /* Custom Views */,
				BBECDE4020D8E2C600458146 /* Nibs */,
				BBECDDEE20D6F78B00458146 /* Main.storyboard */,
				BBECDDF420D6F78E00458146 /* Assets.xcassets */,
				BBECDDF620D6F78E00458146 /* LaunchScreen.storyboard */,
				BBECDDF920D6F78E00458146 /* Info.plist */,
				BBECDDFA20D6F78E00458146 /* main.m */,
				BB790D7920D8F88900890E60 /* Defines.pch */,
				BB26A9AA20EC2F880045FBAB /* SecretDefines.pch */,
				BBECDDF120D6F78B00458146 /* PaceKeeper.xcdatamodeld */,
			);
			path = PaceKeeper;
			sourceTree = "<group>";
		};
		BBECDE0320D6F78E00458146 /* PaceKeeperTests */ = {
			isa = PBXGroup;
			children = (
				BBECDE0420D6F78E00458146 /* PaceKeeperTests.m */,
				BBECDE0620D6F78E00458146 /* Info.plist */,
			);
			path = PaceKeeperTests;
			sourceTree = "<group>";
		};
		BBECDE0E20D6F78E00458146 /* PaceKeeperUITests */ = {
			isa = PBXGroup;
			children = (
				BBECDE0F20D6F78E00458146 /* PaceKeeperUITests.m */,
				BBECDE1120D6F78E00458146 /* Info.plist */,
			);
			path = PaceKeeperUITests;
			sourceTree = "<group>";
		};
		BBECDE1D20D7984800458146 /* Custom Views */ = {
			isa = PBXGroup;
			children = (
				BBECDE1F20D7984800458146 /* RoundedView.h */,
				BBECDE2220D7984800458146 /* RoundedView.m */,
				BBECDE2120D7984800458146 /* RoundedTextField.h */,
				BBECDE2520D7984800458146 /* RoundedTextField.m */,
				BBECDE2420D7984800458146 /* RoundedButton.h */,
				BBECDE2020D7984800458146 /* RoundedButton.m */,
				BBECDE3D20D8E1E400458146 /* AddExerciseView.h */,
				BBECDE3E20D8E1E400458146 /* AddExerciseView.m */,
			);
			path = "Custom Views";
			sourceTree = "<group>";
		};
		BBECDE3020D7F61300458146 /* Managers */ = {
			isa = PBXGroup;
			children = (
				BBECDE3220D7F61300458146 /* CDManager.h */,
				BBECDE3420D7F61300458146 /* CDManager.m */,
				BB4B981D20E616870090C82D /* NetworkManager.h */,
				BB4B981E20E616870090C82D /* NetworkManager.m */,
				BB26A9A720EC2F090045FBAB /* StoreKitManager.h */,
				BB26A9A820EC2F090045FBAB /* StoreKitManager.m */,
			);
			path = Managers;
			sourceTree = "<group>";
		};
		BBECDE3A20D7F76F00458146 /* Custom Objects */ = {
			isa = PBXGroup;
			children = (
				BBECDE3720D7F76900458146 /* ExerciseObject.h */,
				BBECDE3820D7F76900458146 /* ExerciseObject.m */,
			);
			path = "Custom Objects";
			sourceTree = "<group>";
		};
		BBECDE4020D8E2C600458146 /* Nibs */ = {
			isa = PBXGroup;
			children = (
				BBECDE3B20D8398000458146 /* AddExercise.xib */,
			);
			path = Nibs;
			sourceTree = "<group>";
		};
/* End PBXGroup section */

/* Begin PBXNativeTarget section */
		BBECDDE420D6F78B00458146 /* PaceKeeper */ = {
			isa = PBXNativeTarget;
			buildConfigurationList = BBECDE1420D6F78E00458146 /* Build configuration list for PBXNativeTarget "PaceKeeper" */;
			buildPhases = (
				BBECDDE120D6F78B00458146 /* Sources */,
				BBECDDE220D6F78B00458146 /* Frameworks */,
				BBECDDE320D6F78B00458146 /* Resources */,
			);
			buildRules = (
			);
			dependencies = (
			);
			name = PaceKeeper;
			productName = PaceKeeper;
			productReference = BBECDDE520D6F78B00458146 /* PaceKeeper.app */;
			productType = "com.apple.product-type.application";
		};
		BBECDDFF20D6F78E00458146 /* PaceKeeperTests */ = {
			isa = PBXNativeTarget;
			buildConfigurationList = BBECDE1720D6F78E00458146 /* Build configuration list for PBXNativeTarget "PaceKeeperTests" */;
			buildPhases = (
				BBECDDFC20D6F78E00458146 /* Sources */,
				BBECDDFD20D6F78E00458146 /* Frameworks */,
				BBECDDFE20D6F78E00458146 /* Resources */,
			);
			buildRules = (
			);
			dependencies = (
				BBECDE0220D6F78E00458146 /* PBXTargetDependency */,
			);
			name = PaceKeeperTests;
			productName = PaceKeeperTests;
			productReference = BBECDE0020D6F78E00458146 /* PaceKeeperTests.xctest */;
			productType = "com.apple.product-type.bundle.unit-test";
		};
		BBECDE0A20D6F78E00458146 /* PaceKeeperUITests */ = {
			isa = PBXNativeTarget;
			buildConfigurationList = BBECDE1A20D6F78E00458146 /* Build configuration list for PBXNativeTarget "PaceKeeperUITests" */;
			buildPhases = (
				BBECDE0720D6F78E00458146 /* Sources */,
				BBECDE0820D6F78E00458146 /* Frameworks */,
				BBECDE0920D6F78E00458146 /* Resources */,
			);
			buildRules = (
			);
			dependencies = (
				BBECDE0D20D6F78E00458146 /* PBXTargetDependency */,
			);
			name = PaceKeeperUITests;
			productName = PaceKeeperUITests;
			productReference = BBECDE0B20D6F78E00458146 /* PaceKeeperUITests.xctest */;
			productType = "com.apple.product-type.bundle.ui-testing";
		};
/* End PBXNativeTarget section */

/* Begin PBXProject section */
		BBECDDDD20D6F78B00458146 /* Project object */ = {
			isa = PBXProject;
			attributes = {
				LastUpgradeCheck = 0930;
				ORGANIZATIONNAME = "Alex Coundouriotis";
				TargetAttributes = {
					BBECDDE420D6F78B00458146 = {
						CreatedOnToolsVersion = 9.3.1;
						SystemCapabilities = {
							com.apple.InAppPurchase = {
								enabled = 1;
							};
							com.apple.Push = {
								enabled = 1;
							};
						};
					};
					BBECDDFF20D6F78E00458146 = {
						CreatedOnToolsVersion = 9.3.1;
						TestTargetID = BBECDDE420D6F78B00458146;
					};
					BBECDE0A20D6F78E00458146 = {
						CreatedOnToolsVersion = 9.3.1;
						TestTargetID = BBECDDE420D6F78B00458146;
					};
				};
			};
			buildConfigurationList = BBECDDE020D6F78B00458146 /* Build configuration list for PBXProject "PaceKeeper" */;
			compatibilityVersion = "Xcode 9.3";
			developmentRegion = en;
			hasScannedForEncodings = 0;
			knownRegions = (
				en,
				Base,
			);
			mainGroup = BBECDDDC20D6F78B00458146;
			productRefGroup = BBECDDE620D6F78B00458146 /* Products */;
			projectDirPath = "";
			projectRoot = "";
			targets = (
				BBECDDE420D6F78B00458146 /* PaceKeeper */,
				BBECDDFF20D6F78E00458146 /* PaceKeeperTests */,
				BBECDE0A20D6F78E00458146 /* PaceKeeperUITests */,
			);
		};
/* End PBXProject section */

/* Begin PBXResourcesBuildPhase section */
		BBECDDE320D6F78B00458146 /* Resources */ = {
			isa = PBXResourcesBuildPhase;
			buildActionMask = 2147483647;
			files = (
				BBECDDF820D6F78E00458146 /* LaunchScreen.storyboard in Resources */,
				BBECDE3C20D8398000458146 /* AddExercise.xib in Resources */,
				BBECDDF520D6F78E00458146 /* Assets.xcassets in Resources */,
				BBECDDF020D6F78B00458146 /* Main.storyboard in Resources */,
			);
			runOnlyForDeploymentPostprocessing = 0;
		};
		BBECDDFE20D6F78E00458146 /* Resources */ = {
			isa = PBXResourcesBuildPhase;
			buildActionMask = 2147483647;
			files = (
			);
			runOnlyForDeploymentPostprocessing = 0;
		};
		BBECDE0920D6F78E00458146 /* Resources */ = {
			isa = PBXResourcesBuildPhase;
			buildActionMask = 2147483647;
			files = (
			);
			runOnlyForDeploymentPostprocessing = 0;
		};
/* End PBXResourcesBuildPhase section */

/* Begin PBXSourcesBuildPhase section */
		BBECDDE120D6F78B00458146 /* Sources */ = {
			isa = PBXSourcesBuildPhase;
			buildActionMask = 2147483647;
			files = (
				BB4B981F20E616870090C82D /* NetworkManager.m in Sources */,
				BBECDE3920D7F76900458146 /* ExerciseObject.m in Sources */,
				BB4B982220E618070090C82D /* NotificationTableViewCell.m in Sources */,
				BBECDE2F20D7F45100458146 /* TodayTableViewCell.m in Sources */,
				BB1A7EBA20DA7DF600843458 /* HistoryTableViewController.m in Sources */,
				BBECDDEA20D6F78B00458146 /* AppDelegate.m in Sources */,
				BBECDE2820D7984800458146 /* RoundedView.m in Sources */,
				BB9AD1D220F8F1D9008F1914 /* MetaTableViewCell.m in Sources */,
				BBECDDFB20D6F78E00458146 /* main.m in Sources */,
				BBECDE3620D7F61300458146 /* CDManager.m in Sources */,
				BBF60E6B20FD51050097A98A /* OtherTodayTableViewCell.m in Sources */,
				BBECDDF320D6F78B00458146 /* PaceKeeper.xcdatamodeld in Sources */,
				BB26A9A920EC2F090045FBAB /* StoreKitManager.m in Sources */,
				BBECDE2C20D7F42900458146 /* TodayTableViewController.m in Sources */,
				BB0EAF6D20DA461F003040BC /* ScheduleTableViewCell.m in Sources */,
				BB0EAF6920DA45FD003040BC /* ScheduleTableViewController.m in Sources */,
				BBECDE2720D7984800458146 /* RoundedButton.m in Sources */,
				BBECDE2920D7984800458146 /* RoundedTextField.m in Sources */,
				BB4B981C20E6166E0090C82D /* KFKeychain.m in Sources */,
				BBECDE3F20D8E1E400458146 /* AddExerciseView.m in Sources */,
			);
			runOnlyForDeploymentPostprocessing = 0;
		};
		BBECDDFC20D6F78E00458146 /* Sources */ = {
			isa = PBXSourcesBuildPhase;
			buildActionMask = 2147483647;
			files = (
				BBECDE0520D6F78E00458146 /* PaceKeeperTests.m in Sources */,
			);
			runOnlyForDeploymentPostprocessing = 0;
		};
		BBECDE0720D6F78E00458146 /* Sources */ = {
			isa = PBXSourcesBuildPhase;
			buildActionMask = 2147483647;
			files = (
				BBECDE1020D6F78E00458146 /* PaceKeeperUITests.m in Sources */,
			);
			runOnlyForDeploymentPostprocessing = 0;
		};
/* End PBXSourcesBuildPhase section */

/* Begin PBXTargetDependency section */
		BBECDE0220D6F78E00458146 /* PBXTargetDependency */ = {
			isa = PBXTargetDependency;
			target = BBECDDE420D6F78B00458146 /* PaceKeeper */;
			targetProxy = BBECDE0120D6F78E00458146 /* PBXContainerItemProxy */;
		};
		BBECDE0D20D6F78E00458146 /* PBXTargetDependency */ = {
			isa = PBXTargetDependency;
			target = BBECDDE420D6F78B00458146 /* PaceKeeper */;
			targetProxy = BBECDE0C20D6F78E00458146 /* PBXContainerItemProxy */;
		};
/* End PBXTargetDependency section */

/* Begin PBXVariantGroup section */
		BBECDDEE20D6F78B00458146 /* Main.storyboard */ = {
			isa = PBXVariantGroup;
			children = (
				BBECDDEF20D6F78B00458146 /* Base */,
			);
			name = Main.storyboard;
			sourceTree = "<group>";
		};
		BBECDDF620D6F78E00458146 /* LaunchScreen.storyboard */ = {
			isa = PBXVariantGroup;
			children = (
				BBECDDF720D6F78E00458146 /* Base */,
			);
			name = LaunchScreen.storyboard;
			sourceTree = "<group>";
		};
/* End PBXVariantGroup section */

/* Begin XCBuildConfiguration section */
		BBECDE1220D6F78E00458146 /* Debug */ = {
			isa = XCBuildConfiguration;
			buildSettings = {
				ALWAYS_SEARCH_USER_PATHS = NO;
				CLANG_ANALYZER_NONNULL = YES;
				CLANG_ANALYZER_NUMBER_OBJECT_CONVERSION = YES_AGGRESSIVE;
				CLANG_CXX_LANGUAGE_STANDARD = "gnu++14";
				CLANG_CXX_LIBRARY = "libc++";
				CLANG_ENABLE_MODULES = YES;
				CLANG_ENABLE_OBJC_ARC = YES;
				CLANG_ENABLE_OBJC_WEAK = YES;
				CLANG_WARN_BLOCK_CAPTURE_AUTORELEASING = YES;
				CLANG_WARN_BOOL_CONVERSION = YES;
				CLANG_WARN_COMMA = YES;
				CLANG_WARN_CONSTANT_CONVERSION = YES;
				CLANG_WARN_DEPRECATED_OBJC_IMPLEMENTATIONS = YES;
				CLANG_WARN_DIRECT_OBJC_ISA_USAGE = YES_ERROR;
				CLANG_WARN_DOCUMENTATION_COMMENTS = YES;
				CLANG_WARN_EMPTY_BODY = YES;
				CLANG_WARN_ENUM_CONVERSION = YES;
				CLANG_WARN_INFINITE_RECURSION = YES;
				CLANG_WARN_INT_CONVERSION = YES;
				CLANG_WARN_NON_LITERAL_NULL_CONVERSION = YES;
				CLANG_WARN_OBJC_IMPLICIT_RETAIN_SELF = YES;
				CLANG_WARN_OBJC_LITERAL_CONVERSION = YES;
				CLANG_WARN_OBJC_ROOT_CLASS = YES_ERROR;
				CLANG_WARN_RANGE_LOOP_ANALYSIS = YES;
				CLANG_WARN_STRICT_PROTOTYPES = YES;
				CLANG_WARN_SUSPICIOUS_MOVE = YES;
				CLANG_WARN_UNGUARDED_AVAILABILITY = YES_AGGRESSIVE;
				CLANG_WARN_UNREACHABLE_CODE = YES;
				CLANG_WARN__DUPLICATE_METHOD_MATCH = YES;
				CODE_SIGN_IDENTITY = "iPhone Developer";
				COPY_PHASE_STRIP = NO;
				DEBUG_INFORMATION_FORMAT = dwarf;
				ENABLE_STRICT_OBJC_MSGSEND = YES;
				ENABLE_TESTABILITY = YES;
				GCC_C_LANGUAGE_STANDARD = gnu11;
				GCC_DYNAMIC_NO_PIC = NO;
				GCC_NO_COMMON_BLOCKS = YES;
				GCC_OPTIMIZATION_LEVEL = 0;
				GCC_PREPROCESSOR_DEFINITIONS = (
					"DEBUG=1",
					"$(inherited)",
				);
				GCC_WARN_64_TO_32_BIT_CONVERSION = YES;
				GCC_WARN_ABOUT_RETURN_TYPE = YES_ERROR;
				GCC_WARN_UNDECLARED_SELECTOR = YES;
				GCC_WARN_UNINITIALIZED_AUTOS = YES_AGGRESSIVE;
				GCC_WARN_UNUSED_FUNCTION = YES;
				GCC_WARN_UNUSED_VARIABLE = YES;
				IPHONEOS_DEPLOYMENT_TARGET = 11.3;
				MTL_ENABLE_DEBUG_INFO = YES;
				ONLY_ACTIVE_ARCH = YES;
				SDKROOT = iphoneos;
			};
			name = Debug;
		};
		BBECDE1320D6F78E00458146 /* Release */ = {
			isa = XCBuildConfiguration;
			buildSettings = {
				ALWAYS_SEARCH_USER_PATHS = NO;
				CLANG_ANALYZER_NONNULL = YES;
				CLANG_ANALYZER_NUMBER_OBJECT_CONVERSION = YES_AGGRESSIVE;
				CLANG_CXX_LANGUAGE_STANDARD = "gnu++14";
				CLANG_CXX_LIBRARY = "libc++";
				CLANG_ENABLE_MODULES = YES;
				CLANG_ENABLE_OBJC_ARC = YES;
				CLANG_ENABLE_OBJC_WEAK = YES;
				CLANG_WARN_BLOCK_CAPTURE_AUTORELEASING = YES;
				CLANG_WARN_BOOL_CONVERSION = YES;
				CLANG_WARN_COMMA = YES;
				CLANG_WARN_CONSTANT_CONVERSION = YES;
				CLANG_WARN_DEPRECATED_OBJC_IMPLEMENTATIONS = YES;
				CLANG_WARN_DIRECT_OBJC_ISA_USAGE = YES_ERROR;
				CLANG_WARN_DOCUMENTATION_COMMENTS = YES;
				CLANG_WARN_EMPTY_BODY = YES;
				CLANG_WARN_ENUM_CONVERSION = YES;
				CLANG_WARN_INFINITE_RECURSION = YES;
				CLANG_WARN_INT_CONVERSION = YES;
				CLANG_WARN_NON_LITERAL_NULL_CONVERSION = YES;
				CLANG_WARN_OBJC_IMPLICIT_RETAIN_SELF = YES;
				CLANG_WARN_OBJC_LITERAL_CONVERSION = YES;
				CLANG_WARN_OBJC_ROOT_CLASS = YES_ERROR;
				CLANG_WARN_RANGE_LOOP_ANALYSIS = YES;
				CLANG_WARN_STRICT_PROTOTYPES = YES;
				CLANG_WARN_SUSPICIOUS_MOVE = YES;
				CLANG_WARN_UNGUARDED_AVAILABILITY = YES_AGGRESSIVE;
				CLANG_WARN_UNREACHABLE_CODE = YES;
				CLANG_WARN__DUPLICATE_METHOD_MATCH = YES;
				CODE_SIGN_IDENTITY = "iPhone Developer";
				COPY_PHASE_STRIP = NO;
				DEBUG_INFORMATION_FORMAT = "dwarf-with-dsym";
				ENABLE_NS_ASSERTIONS = NO;
				ENABLE_STRICT_OBJC_MSGSEND = YES;
				GCC_C_LANGUAGE_STANDARD = gnu11;
				GCC_NO_COMMON_BLOCKS = YES;
				GCC_WARN_64_TO_32_BIT_CONVERSION = YES;
				GCC_WARN_ABOUT_RETURN_TYPE = YES_ERROR;
				GCC_WARN_UNDECLARED_SELECTOR = YES;
				GCC_WARN_UNINITIALIZED_AUTOS = YES_AGGRESSIVE;
				GCC_WARN_UNUSED_FUNCTION = YES;
				GCC_WARN_UNUSED_VARIABLE = YES;
				IPHONEOS_DEPLOYMENT_TARGET = 11.3;
				MTL_ENABLE_DEBUG_INFO = NO;
				SDKROOT = iphoneos;
				VALIDATE_PRODUCT = YES;
			};
			name = Release;
		};
		BBECDE1520D6F78E00458146 /* Debug */ = {
			isa = XCBuildConfiguration;
			buildSettings = {
				ASSETCATALOG_COMPILER_APPICON_NAME = AppIcon;
				CODE_SIGN_ENTITLEMENTS = PaceKeeper/PaceKeeper.entitlements;
				CODE_SIGN_STYLE = Automatic;
				DEVELOPMENT_TEAM = WNCN9TJFT3;
				FRAMEWORK_SEARCH_PATHS = (
					"$(inherited)",
					"$(PROJECT_DIR)",
				);
				INFOPLIST_FILE = PaceKeeper/Info.plist;
				IPHONEOS_DEPLOYMENT_TARGET = 11.0;
				LD_RUNPATH_SEARCH_PATHS = (
					"$(inherited)",
					"@executable_path/Frameworks",
				);
				PRODUCT_BUNDLE_IDENTIFIER = com.acapplications.PaceKeeper;
				PRODUCT_NAME = "$(TARGET_NAME)";
				TARGETED_DEVICE_FAMILY = 1;
			};
			name = Debug;
		};
		BBECDE1620D6F78E00458146 /* Release */ = {
			isa = XCBuildConfiguration;
			buildSettings = {
				ASSETCATALOG_COMPILER_APPICON_NAME = AppIcon;
				CODE_SIGN_ENTITLEMENTS = PaceKeeper/PaceKeeper.entitlements;
				CODE_SIGN_STYLE = Automatic;
				DEVELOPMENT_TEAM = WNCN9TJFT3;
				FRAMEWORK_SEARCH_PATHS = (
					"$(inherited)",
					"$(PROJECT_DIR)",
				);
				INFOPLIST_FILE = PaceKeeper/Info.plist;
				IPHONEOS_DEPLOYMENT_TARGET = 11.0;
				LD_RUNPATH_SEARCH_PATHS = (
					"$(inherited)",
					"@executable_path/Frameworks",
				);
				PRODUCT_BUNDLE_IDENTIFIER = com.acapplications.PaceKeeper;
				PRODUCT_NAME = "$(TARGET_NAME)";
				TARGETED_DEVICE_FAMILY = 1;
			};
			name = Release;
		};
		BBECDE1820D6F78E00458146 /* Debug */ = {
			isa = XCBuildConfiguration;
			buildSettings = {
				BUNDLE_LOADER = "$(TEST_HOST)";
				CODE_SIGN_STYLE = Automatic;
				DEVELOPMENT_TEAM = WNCN9TJFT3;
				INFOPLIST_FILE = PaceKeeperTests/Info.plist;
				LD_RUNPATH_SEARCH_PATHS = (
					"$(inherited)",
					"@executable_path/Frameworks",
					"@loader_path/Frameworks",
				);
				PRODUCT_BUNDLE_IDENTIFIER = com.acapplications.PaceKeeperTests;
				PRODUCT_NAME = "$(TARGET_NAME)";
				TARGETED_DEVICE_FAMILY = "1,2";
				TEST_HOST = "$(BUILT_PRODUCTS_DIR)/PaceKeeper.app/PaceKeeper";
			};
			name = Debug;
		};
		BBECDE1920D6F78E00458146 /* Release */ = {
			isa = XCBuildConfiguration;
			buildSettings = {
				BUNDLE_LOADER = "$(TEST_HOST)";
				CODE_SIGN_STYLE = Automatic;
				DEVELOPMENT_TEAM = WNCN9TJFT3;
				INFOPLIST_FILE = PaceKeeperTests/Info.plist;
				LD_RUNPATH_SEARCH_PATHS = (
					"$(inherited)",
					"@executable_path/Frameworks",
					"@loader_path/Frameworks",
				);
				PRODUCT_BUNDLE_IDENTIFIER = com.acapplications.PaceKeeperTests;
				PRODUCT_NAME = "$(TARGET_NAME)";
				TARGETED_DEVICE_FAMILY = "1,2";
				TEST_HOST = "$(BUILT_PRODUCTS_DIR)/PaceKeeper.app/PaceKeeper";
			};
			name = Release;
		};
		BBECDE1B20D6F78E00458146 /* Debug */ = {
			isa = XCBuildConfiguration;
			buildSettings = {
				CODE_SIGN_STYLE = Automatic;
				DEVELOPMENT_TEAM = WNCN9TJFT3;
				INFOPLIST_FILE = PaceKeeperUITests/Info.plist;
				LD_RUNPATH_SEARCH_PATHS = (
					"$(inherited)",
					"@executable_path/Frameworks",
					"@loader_path/Frameworks",
				);
				PRODUCT_BUNDLE_IDENTIFIER = com.acapplications.PaceKeeperUITests;
				PRODUCT_NAME = "$(TARGET_NAME)";
				TARGETED_DEVICE_FAMILY = "1,2";
				TEST_TARGET_NAME = PaceKeeper;
			};
			name = Debug;
		};
		BBECDE1C20D6F78E00458146 /* Release */ = {
			isa = XCBuildConfiguration;
			buildSettings = {
				CODE_SIGN_STYLE = Automatic;
				DEVELOPMENT_TEAM = WNCN9TJFT3;
				INFOPLIST_FILE = PaceKeeperUITests/Info.plist;
				LD_RUNPATH_SEARCH_PATHS = (
					"$(inherited)",
					"@executable_path/Frameworks",
					"@loader_path/Frameworks",
				);
				PRODUCT_BUNDLE_IDENTIFIER = com.acapplications.PaceKeeperUITests;
				PRODUCT_NAME = "$(TARGET_NAME)";
				TARGETED_DEVICE_FAMILY = "1,2";
				TEST_TARGET_NAME = PaceKeeper;
			};
			name = Release;
		};
/* End XCBuildConfiguration section */

/* Begin XCConfigurationList section */
		BBECDDE020D6F78B00458146 /* Build configuration list for PBXProject "PaceKeeper" */ = {
			isa = XCConfigurationList;
			buildConfigurations = (
				BBECDE1220D6F78E00458146 /* Debug */,
				BBECDE1320D6F78E00458146 /* Release */,
			);
			defaultConfigurationIsVisible = 0;
			defaultConfigurationName = Release;
		};
		BBECDE1420D6F78E00458146 /* Build configuration list for PBXNativeTarget "PaceKeeper" */ = {
			isa = XCConfigurationList;
			buildConfigurations = (
				BBECDE1520D6F78E00458146 /* Debug */,
				BBECDE1620D6F78E00458146 /* Release */,
			);
			defaultConfigurationIsVisible = 0;
			defaultConfigurationName = Release;
		};
		BBECDE1720D6F78E00458146 /* Build configuration list for PBXNativeTarget "PaceKeeperTests" */ = {
			isa = XCConfigurationList;
			buildConfigurations = (
				BBECDE1820D6F78E00458146 /* Debug */,
				BBECDE1920D6F78E00458146 /* Release */,
			);
			defaultConfigurationIsVisible = 0;
			defaultConfigurationName = Release;
		};
		BBECDE1A20D6F78E00458146 /* Build configuration list for PBXNativeTarget "PaceKeeperUITests" */ = {
			isa = XCConfigurationList;
			buildConfigurations = (
				BBECDE1B20D6F78E00458146 /* Debug */,
				BBECDE1C20D6F78E00458146 /* Release */,
			);
			defaultConfigurationIsVisible = 0;
			defaultConfigurationName = Release;
		};
/* End XCConfigurationList section */

/* Begin XCVersionGroup section */
		BBECDDF120D6F78B00458146 /* PaceKeeper.xcdatamodeld */ = {
			isa = XCVersionGroup;
			children = (
				BBF60E7220FD60F50097A98A /* PaceKeeper v3.xcdatamodel */,
				BB26A9A020EC0C7A0045FBAB /* PaceKeeper v2.xcdatamodel */,
				BBECDDF220D6F78B00458146 /* PaceKeeper.xcdatamodel */,
			);
			currentVersion = BBF60E7220FD60F50097A98A /* PaceKeeper v3.xcdatamodel */;
			path = PaceKeeper.xcdatamodeld;
			sourceTree = "<group>";
			versionGroupType = wrapper.xcdatamodel;
		};
/* End XCVersionGroup section */
	};
	rootObject = BBECDDDD20D6F78B00458146 /* Project object */;
}
